PODS:
  - Flutter (1.0.0)
  - iProov (12.0.0)
  - iproov_flutter (5.0.1):
    - Flutter
    - iProov (= 12.0.0)

DEPENDENCIES:
  - Flutter (from `Flutter`)
  - iproov_flutter (from `.symlinks/plugins/iproov_flutter/ios`)

SPEC REPOS:
  https://github.com/CocoaPods/Specs.git:
    - iProov

EXTERNAL SOURCES:
  Flutter:
    :path: Flutter
  iproov_flutter:
    :path: ".symlinks/plugins/iproov_flutter/ios"

SPEC CHECKSUMS:
  Flutter: e0871f40cf51350855a761d2e70bf5af5b9b5de7
  iProov: 1921d2fdbd8f8fa24d4694c2150c2c0bac0371a6
  iproov_flutter: 7d466041c3eab0fa824700e14eb47ec4a4b390a8

PODFILE CHECKSUM: 61e432a29a6cfb9fc7ca7cacd9dce49cb7fb3466

COCOAPODS: 1.15.2
