PODS:
  - Flutter (1.0.0)
  - iProov (11.1.1)
  - iproov_flutter (4.0.4):
    - Flutter
    - iProov (= 11.1.1)

DEPENDENCIES:
  - Flutter (from `Flutter`)
  - iproov_flutter (from `.symlinks/plugins/iproov_flutter/ios`)

SPEC REPOS:
  https://github.com/CocoaPods/Specs.git:
    - iProov

EXTERNAL SOURCES:
  Flutter:
    :path: Flutter
  iproov_flutter:
    :path: ".symlinks/plugins/iproov_flutter/ios"

SPEC CHECKSUMS:
  Flutter: e0871f40cf51350855a761d2e70bf5af5b9b5de7
  iProov: 14fa45ff813bccd32274ecce2694445aba4956e4
  iproov_flutter: 4cdb91308e413eb8fdcfcb8f4cf282d76a13be01

PODFILE CHECKSUM: 3b63cf14198dad73e5eaccaa94ed2fb1260f5b72

COCOAPODS: 1.15.2
